
Microsoft Visual Studio Solution File, Format Version 12.00
# Visual Studio Version 16
VisualStudioVersion = 16.0.28803.352
MinimumVisualStudioVersion = 10.0.40219.1
Project("{FAE04EC0-301F-11D3-BF4B-00C04F79EFBC}") = "QuestApp1.UWP", "QuestApp1\QuestApp1.UWP\QuestApp1.UWP.csproj", "{A4AAEC80-9AE4-46E7-B22D-35DD025F1C97}"
EndProject
Project("{FAE04EC0-301F-11D3-BF4B-00C04F79EFBC}") = "QuestApp1.Android", "QuestApp1\QuestApp1.Android\QuestApp1.Android.csproj", "{731E0A87-D0E3-439E-88D3-BF33B3468DF6}"
EndProject
Project("{FAE04EC0-301F-11D3-BF4B-00C04F79EFBC}") = "QuestApp1.iOS", "QuestApp1\QuestApp1.iOS\QuestApp1.iOS.csproj", "{ADE94D0C-3E13-4367-A259-C72620500AF2}"
EndProject
Project("{9A19103F-16F7-4668-BE54-9A1E7A4F7556}") = "QuestApp1", "QuestApp1\QuestApp1\QuestApp1.csproj", "{0CA14A41-D654-4C71-BF15-0B59D5551B93}"
EndProject
Project("{FAE04EC0-301F-11D3-BF4B-00C04F79EFBC}") = "QuestionApi", "QuestionApi\QuestionApi.csproj", "{8E9ADC17-DE30-4999-8B88-71F5677E9E6F}"
EndProject
Global
	GlobalSection(SolutionConfigurationPlatforms) = preSolution
		Debug|Any CPU = Debug|Any CPU
		Debug|ARM = Debug|ARM
		Debug|iPhone = Debug|iPhone
		Debug|iPhoneSimulator = Debug|iPhoneSimulator
		Debug|x64 = Debug|x64
		Debug|x86 = Debug|x86
		Release|Any CPU = Release|Any CPU
		Release|ARM = Release|ARM
		Release|iPhone = Release|iPhone
		Release|iPhoneSimulator = Release|iPhoneSimulator
		Release|x64 = Release|x64
		Release|x86 = Release|x86
	EndGlobalSection
	GlobalSection(ProjectConfigurationPlatforms) = postSolution
		{A4AAEC80-9AE4-46E7-B22D-35DD025F1C97}.Debug|Any CPU.ActiveCfg = Debug|x86
		{A4AAEC80-9AE4-46E7-B22D-35DD025F1C97}.Debug|Any CPU.Build.0 = Debug|x86
		{A4AAEC80-9AE4-46E7-B22D-35DD025F1C97}.Debug|Any CPU.Deploy.0 = Debug|x86
		{A4AAEC80-9AE4-46E7-B22D-35DD025F1C97}.Debug|ARM.ActiveCfg = Debug|ARM
		{A4AAEC80-9AE4-46E7-B22D-35DD025F1C97}.Debug|ARM.Build.0 = Debug|ARM
		{A4AAEC80-9AE4-46E7-B22D-35DD025F1C97}.Debug|ARM.Deploy.0 = Debug|ARM
		{A4AAEC80-9AE4-46E7-B22D-35DD025F1C97}.Debug|iPhone.ActiveCfg = Debug|x86
		{A4AAEC80-9AE4-46E7-B22D-35DD025F1C97}.Debug|iPhone.Build.0 = Debug|x86
		{A4AAEC80-9AE4-46E7-B22D-35DD025F1C97}.Debug|iPhone.Deploy.0 = Debug|x86
		{A4AAEC80-9AE4-46E7-B22D-35DD025F1C97}.Debug|iPhoneSimulator.ActiveCfg = Debug|x86
		{A4AAEC80-9AE4-46E7-B22D-35DD025F1C97}.Debug|iPhoneSimulator.Build.0 = Debug|x86
		{A4AAEC80-9AE4-46E7-B22D-35DD025F1C97}.Debug|iPhoneSimulator.Deploy.0 = Debug|x86
		{A4AAEC80-9AE4-46E7-B22D-35DD025F1C97}.Debug|x64.ActiveCfg = Debug|x64
		{A4AAEC80-9AE4-46E7-B22D-35DD025F1C97}.Debug|x64.Build.0 = Debug|x64
		{A4AAEC80-9AE4-46E7-B22D-35DD025F1C97}.Debug|x64.Deploy.0 = Debug|x64
		{A4AAEC80-9AE4-46E7-B22D-35DD025F1C97}.Debug|x86.ActiveCfg = Debug|x86
		{A4AAEC80-9AE4-46E7-B22D-35DD025F1C97}.Debug|x86.Build.0 = Debug|x86
		{A4AAEC80-9AE4-46E7-B22D-35DD025F1C97}.Debug|x86.Deploy.0 = Debug|x86
		{A4AAEC80-9AE4-46E7-B22D-35DD025F1C97}.Release|Any CPU.ActiveCfg = Release|x86
		{A4AAEC80-9AE4-46E7-B22D-35DD025F1C97}.Release|Any CPU.Build.0 = Release|x86
		{A4AAEC80-9AE4-46E7-B22D-35DD025F1C97}.Release|Any CPU.Deploy.0 = Release|x86
		{A4AAEC80-9AE4-46E7-B22D-35DD025F1C97}.Release|ARM.ActiveCfg = Release|ARM
		{A4AAEC80-9AE4-46E7-B22D-35DD025F1C97}.Release|ARM.Build.0 = Release|ARM
		{A4AAEC80-9AE4-46E7-B22D-35DD025F1C97}.Release|ARM.Deploy.0 = Release|ARM
		{A4AAEC80-9AE4-46E7-B22D-35DD025F1C97}.Release|iPhone.ActiveCfg = Release|x86
		{A4AAEC80-9AE4-46E7-B22D-35DD025F1C97}.Release|iPhone.Build.0 = Release|x86
		{A4AAEC80-9AE4-46E7-B22D-35DD025F1C97}.Release|iPhone.Deploy.0 = Release|x86
		{A4AAEC80-9AE4-46E7-B22D-35DD025F1C97}.Release|iPhoneSimulator.ActiveCfg = Release|x86
		{A4AAEC80-9AE4-46E7-B22D-35DD025F1C97}.Release|iPhoneSimulator.Build.0 = Release|x86
		{A4AAEC80-9AE4-46E7-B22D-35DD025F1C97}.Release|iPhoneSimulator.Deploy.0 = Release|x86
		{A4AAEC80-9AE4-46E7-B22D-35DD025F1C97}.Release|x64.ActiveCfg = Release|x64
		{A4AAEC80-9AE4-46E7-B22D-35DD025F1C97}.Release|x64.Build.0 = Release|x64
		{A4AAEC80-9AE4-46E7-B22D-35DD025F1C97}.Release|x64.Deploy.0 = Release|x64
		{A4AAEC80-9AE4-46E7-B22D-35DD025F1C97}.Release|x86.ActiveCfg = Release|x86
		{A4AAEC80-9AE4-46E7-B22D-35DD025F1C97}.Release|x86.Build.0 = Release|x86
		{A4AAEC80-9AE4-46E7-B22D-35DD025F1C97}.Release|x86.Deploy.0 = Release|x86
		{731E0A87-D0E3-439E-88D3-BF33B3468DF6}.Debug|Any CPU.ActiveCfg = Debug|Any CPU
		{731E0A87-D0E3-439E-88D3-BF33B3468DF6}.Debug|Any CPU.Build.0 = Debug|Any CPU
		{731E0A87-D0E3-439E-88D3-BF33B3468DF6}.Debug|Any CPU.Deploy.0 = Debug|Any CPU
		{731E0A87-D0E3-439E-88D3-BF33B3468DF6}.Debug|ARM.ActiveCfg = Debug|Any CPU
		{731E0A87-D0E3-439E-88D3-BF33B3468DF6}.Debug|ARM.Build.0 = Debug|Any CPU
		{731E0A87-D0E3-439E-88D3-BF33B3468DF6}.Debug|ARM.Deploy.0 = Debug|Any CPU
		{731E0A87-D0E3-439E-88D3-BF33B3468DF6}.Debug|iPhone.ActiveCfg = Debug|Any CPU
		{731E0A87-D0E3-439E-88D3-BF33B3468DF6}.Debug|iPhone.Build.0 = Debug|Any CPU
		{731E0A87-D0E3-439E-88D3-BF33B3468DF6}.Debug|iPhone.Deploy.0 = Debug|Any CPU
		{731E0A87-D0E3-439E-88D3-BF33B3468DF6}.Debug|iPhoneSimulator.ActiveCfg = Debug|Any CPU
		{731E0A87-D0E3-439E-88D3-BF33B3468DF6}.Debug|iPhoneSimulator.Build.0 = Debug|Any CPU
		{731E0A87-D0E3-439E-88D3-BF33B3468DF6}.Debug|iPhoneSimulator.Deploy.0 = Debug|Any CPU
		{731E0A87-D0E3-439E-88D3-BF33B3468DF6}.Debug|x64.ActiveCfg = Debug|Any CPU
		{731E0A87-D0E3-439E-88D3-BF33B3468DF6}.Debug|x64.Build.0 = Debug|Any CPU
		{731E0A87-D0E3-439E-88D3-BF33B3468DF6}.Debug|x64.Deploy.0 = Debug|Any CPU
		{731E0A87-D0E3-439E-88D3-BF33B3468DF6}.Debug|x86.ActiveCfg = Debug|Any CPU
		{731E0A87-D0E3-439E-88D3-BF33B3468DF6}.Debug|x86.Build.0 = Debug|Any CPU
		{731E0A87-D0E3-439E-88D3-BF33B3468DF6}.Debug|x86.Deploy.0 = Debug|Any CPU
		{731E0A87-D0E3-439E-88D3-BF33B3468DF6}.Release|Any CPU.ActiveCfg = Release|Any CPU
		{731E0A87-D0E3-439E-88D3-BF33B3468DF6}.Release|Any CPU.Build.0 = Release|Any CPU
		{731E0A87-D0E3-439E-88D3-BF33B3468DF6}.Release|Any CPU.Deploy.0 = Release|Any CPU
		{731E0A87-D0E3-439E-88D3-BF33B3468DF6}.Release|ARM.ActiveCfg = Release|Any CPU
		{731E0A87-D0E3-439E-88D3-BF33B3468DF6}.Release|ARM.Build.0 = Release|Any CPU
		{731E0A87-D0E3-439E-88D3-BF33B3468DF6}.Release|ARM.Deploy.0 = Release|Any CPU
		{731E0A87-D0E3-439E-88D3-BF33B3468DF6}.Release|iPhone.ActiveCfg = Release|Any CPU
		{731E0A87-D0E3-439E-88D3-BF33B3468DF6}.Release|iPhone.Build.0 = Release|Any CPU
		{731E0A87-D0E3-439E-88D3-BF33B3468DF6}.Release|iPhone.Deploy.0 = Release|Any CPU
		{731E0A87-D0E3-439E-88D3-BF33B3468DF6}.Release|iPhoneSimulator.ActiveCfg = Release|Any CPU
		{731E0A87-D0E3-439E-88D3-BF33B3468DF6}.Release|iPhoneSimulator.Build.0 = Release|Any CPU
		{731E0A87-D0E3-439E-88D3-BF33B3468DF6}.Release|iPhoneSimulator.Deploy.0 = Release|Any CPU
		{731E0A87-D0E3-439E-88D3-BF33B3468DF6}.Release|x64.ActiveCfg = Release|Any CPU
		{731E0A87-D0E3-439E-88D3-BF33B3468DF6}.Release|x64.Build.0 = Release|Any CPU
		{731E0A87-D0E3-439E-88D3-BF33B3468DF6}.Release|x64.Deploy.0 = Release|Any CPU
		{731E0A87-D0E3-439E-88D3-BF33B3468DF6}.Release|x86.ActiveCfg = Release|Any CPU
		{731E0A87-D0E3-439E-88D3-BF33B3468DF6}.Release|x86.Build.0 = Release|Any CPU
		{731E0A87-D0E3-439E-88D3-BF33B3468DF6}.Release|x86.Deploy.0 = Release|Any CPU
		{ADE94D0C-3E13-4367-A259-C72620500AF2}.Debug|Any CPU.ActiveCfg = Debug|iPhone
		{ADE94D0C-3E13-4367-A259-C72620500AF2}.Debug|Any CPU.Build.0 = Debug|iPhone
		{ADE94D0C-3E13-4367-A259-C72620500AF2}.Debug|Any CPU.Deploy.0 = Debug|iPhone
		{ADE94D0C-3E13-4367-A259-C72620500AF2}.Debug|ARM.ActiveCfg = Debug|iPhoneSimulator
		{ADE94D0C-3E13-4367-A259-C72620500AF2}.Debug|ARM.Build.0 = Debug|iPhoneSimulator
		{ADE94D0C-3E13-4367-A259-C72620500AF2}.Debug|ARM.Deploy.0 = Debug|iPhoneSimulator
		{ADE94D0C-3E13-4367-A259-C72620500AF2}.Debug|iPhone.ActiveCfg = Debug|iPhone
		{ADE94D0C-3E13-4367-A259-C72620500AF2}.Debug|iPhone.Build.0 = Debug|iPhone
		{ADE94D0C-3E13-4367-A259-C72620500AF2}.Debug|iPhone.Deploy.0 = Debug|iPhone
		{ADE94D0C-3E13-4367-A259-C72620500AF2}.Debug|iPhoneSimulator.ActiveCfg = Debug|iPhoneSimulator
		{ADE94D0C-3E13-4367-A259-C72620500AF2}.Debug|iPhoneSimulator.Build.0 = Debug|iPhoneSimulator
		{ADE94D0C-3E13-4367-A259-C72620500AF2}.Debug|iPhoneSimulator.Deploy.0 = Debug|iPhoneSimulator
		{ADE94D0C-3E13-4367-A259-C72620500AF2}.Debug|x64.ActiveCfg = Debug|iPhone
		{ADE94D0C-3E13-4367-A259-C72620500AF2}.Debug|x64.Build.0 = Debug|iPhone
		{ADE94D0C-3E13-4367-A259-C72620500AF2}.Debug|x64.Deploy.0 = Debug|iPhone
		{ADE94D0C-3E13-4367-A259-C72620500AF2}.Debug|x86.ActiveCfg = Debug|iPhone
		{ADE94D0C-3E13-4367-A259-C72620500AF2}.Debug|x86.Build.0 = Debug|iPhone
		{ADE94D0C-3E13-4367-A259-C72620500AF2}.Debug|x86.Deploy.0 = Debug|iPhone
		{ADE94D0C-3E13-4367-A259-C72620500AF2}.Release|Any CPU.ActiveCfg = Release|iPhone
		{ADE94D0C-3E13-4367-A259-C72620500AF2}.Release|Any CPU.Build.0 = Release|iPhone
		{ADE94D0C-3E13-4367-A259-C72620500AF2}.Release|Any CPU.Deploy.0 = Release|iPhone
		{ADE94D0C-3E13-4367-A259-C72620500AF2}.Release|ARM.ActiveCfg = Release|iPhone
		{ADE94D0C-3E13-4367-A259-C72620500AF2}.Release|ARM.Build.0 = Release|iPhone
		{ADE94D0C-3E13-4367-A259-C72620500AF2}.Release|ARM.Deploy.0 = Release|iPhone
		{ADE94D0C-3E13-4367-A259-C72620500AF2}.Release|iPhone.ActiveCfg = Release|iPhone
		{ADE94D0C-3E13-4367-A259-C72620500AF2}.Release|iPhone.Build.0 = Release|iPhone
		{ADE94D0C-3E13-4367-A259-C72620500AF2}.Release|iPhone.Deploy.0 = Release|iPhone
		{ADE94D0C-3E13-4367-A259-C72620500AF2}.Release|iPhoneSimulator.ActiveCfg = Release|iPhoneSimulator
		{ADE94D0C-3E13-4367-A259-C72620500AF2}.Release|iPhoneSimulator.Build.0 = Release|iPhoneSimulator
		{ADE94D0C-3E13-4367-A259-C72620500AF2}.Release|iPhoneSimulator.Deploy.0 = Release|iPhoneSimulator
		{ADE94D0C-3E13-4367-A259-C72620500AF2}.Release|x64.ActiveCfg = Release|iPhone
		{ADE94D0C-3E13-4367-A259-C72620500AF2}.Release|x64.Build.0 = Release|iPhone
		{ADE94D0C-3E13-4367-A259-C72620500AF2}.Release|x64.Deploy.0 = Release|iPhone
		{ADE94D0C-3E13-4367-A259-C72620500AF2}.Release|x86.ActiveCfg = Release|iPhone
		{ADE94D0C-3E13-4367-A259-C72620500AF2}.Release|x86.Build.0 = Release|iPhone
		{ADE94D0C-3E13-4367-A259-C72620500AF2}.Release|x86.Deploy.0 = Release|iPhone
		{0CA14A41-D654-4C71-BF15-0B59D5551B93}.Debug|Any CPU.ActiveCfg = Debug|Any CPU
		{0CA14A41-D654-4C71-BF15-0B59D5551B93}.Debug|Any CPU.Build.0 = Debug|Any CPU
		{0CA14A41-D654-4C71-BF15-0B59D5551B93}.Debug|Any CPU.Deploy.0 = Debug|Any CPU
		{0CA14A41-D654-4C71-BF15-0B59D5551B93}.Debug|ARM.ActiveCfg = Debug|Any CPU
		{0CA14A41-D654-4C71-BF15-0B59D5551B93}.Debug|ARM.Build.0 = Debug|Any CPU
		{0CA14A41-D654-4C71-BF15-0B59D5551B93}.Debug|ARM.Deploy.0 = Debug|Any CPU
		{0CA14A41-D654-4C71-BF15-0B59D5551B93}.Debug|iPhone.ActiveCfg = Debug|Any CPU
		{0CA14A41-D654-4C71-BF15-0B59D5551B93}.Debug|iPhone.Build.0 = Debug|Any CPU
		{0CA14A41-D654-4C71-BF15-0B59D5551B93}.Debug|iPhone.Deploy.0 = Debug|Any CPU
		{0CA14A41-D654-4C71-BF15-0B59D5551B93}.Debug|iPhoneSimulator.ActiveCfg = Debug|Any CPU
		{0CA14A41-D654-4C71-BF15-0B59D5551B93}.Debug|iPhoneSimulator.Build.0 = Debug|Any CPU
		{0CA14A41-D654-4C71-BF15-0B59D5551B93}.Debug|iPhoneSimulator.Deploy.0 = Debug|Any CPU
		{0CA14A41-D654-4C71-BF15-0B59D5551B93}.Debug|x64.ActiveCfg = Debug|Any CPU
		{0CA14A41-D654-4C71-BF15-0B59D5551B93}.Debug|x64.Build.0 = Debug|Any CPU
		{0CA14A41-D654-4C71-BF15-0B59D5551B93}.Debug|x64.Deploy.0 = Debug|Any CPU
		{0CA14A41-D654-4C71-BF15-0B59D5551B93}.Debug|x86.ActiveCfg = Debug|Any CPU
		{0CA14A41-D654-4C71-BF15-0B59D5551B93}.Debug|x86.Build.0 = Debug|Any CPU
		{0CA14A41-D654-4C71-BF15-0B59D5551B93}.Debug|x86.Deploy.0 = Debug|Any CPU
		{0CA14A41-D654-4C71-BF15-0B59D5551B93}.Release|Any CPU.ActiveCfg = Release|Any CPU
		{0CA14A41-D654-4C71-BF15-0B59D5551B93}.Release|Any CPU.Build.0 = Release|Any CPU
		{0CA14A41-D654-4C71-BF15-0B59D5551B93}.Release|Any CPU.Deploy.0 = Release|Any CPU
		{0CA14A41-D654-4C71-BF15-0B59D5551B93}.Release|ARM.ActiveCfg = Release|Any CPU
		{0CA14A41-D654-4C71-BF15-0B59D5551B93}.Release|ARM.Build.0 = Release|Any CPU
		{0CA14A41-D654-4C71-BF15-0B59D5551B93}.Release|ARM.Deploy.0 = Release|Any CPU
		{0CA14A41-D654-4C71-BF15-0B59D5551B93}.Release|iPhone.ActiveCfg = Release|Any CPU
		{0CA14A41-D654-4C71-BF15-0B59D5551B93}.Release|iPhone.Build.0 = Release|Any CPU
		{0CA14A41-D654-4C71-BF15-0B59D5551B93}.Release|iPhone.Deploy.0 = Release|Any CPU
		{0CA14A41-D654-4C71-BF15-0B59D5551B93}.Release|iPhoneSimulator.ActiveCfg = Release|Any CPU
		{0CA14A41-D654-4C71-BF15-0B59D5551B93}.Release|iPhoneSimulator.Build.0 = Release|Any CPU
		{0CA14A41-D654-4C71-BF15-0B59D5551B93}.Release|iPhoneSimulator.Deploy.0 = Release|Any CPU
		{0CA14A41-D654-4C71-BF15-0B59D5551B93}.Release|x64.ActiveCfg = Release|Any CPU
		{0CA14A41-D654-4C71-BF15-0B59D5551B93}.Release|x64.Build.0 = Release|Any CPU
		{0CA14A41-D654-4C71-BF15-0B59D5551B93}.Release|x64.Deploy.0 = Release|Any CPU
		{0CA14A41-D654-4C71-BF15-0B59D5551B93}.Release|x86.ActiveCfg = Release|Any CPU
		{0CA14A41-D654-4C71-BF15-0B59D5551B93}.Release|x86.Build.0 = Release|Any CPU
		{0CA14A41-D654-4C71-BF15-0B59D5551B93}.Release|x86.Deploy.0 = Release|Any CPU
		{8E9ADC17-DE30-4999-8B88-71F5677E9E6F}.Debug|Any CPU.ActiveCfg = Debug|Any CPU
		{8E9ADC17-DE30-4999-8B88-71F5677E9E6F}.Debug|Any CPU.Build.0 = Debug|Any CPU
		{8E9ADC17-DE30-4999-8B88-71F5677E9E6F}.Debug|ARM.ActiveCfg = Debug|Any CPU
		{8E9ADC17-DE30-4999-8B88-71F5677E9E6F}.Debug|ARM.Build.0 = Debug|Any CPU
		{8E9ADC17-DE30-4999-8B88-71F5677E9E6F}.Debug|iPhone.ActiveCfg = Debug|Any CPU
		{8E9ADC17-DE30-4999-8B88-71F5677E9E6F}.Debug|iPhone.Build.0 = Debug|Any CPU
		{8E9ADC17-DE30-4999-8B88-71F5677E9E6F}.Debug|iPhoneSimulator.ActiveCfg = Debug|Any CPU
		{8E9ADC17-DE30-4999-8B88-71F5677E9E6F}.Debug|iPhoneSimulator.Build.0 = Debug|Any CPU
		{8E9ADC17-DE30-4999-8B88-71F5677E9E6F}.Debug|x64.ActiveCfg = Debug|Any CPU
		{8E9ADC17-DE30-4999-8B88-71F5677E9E6F}.Debug|x64.Build.0 = Debug|Any CPU
		{8E9ADC17-DE30-4999-8B88-71F5677E9E6F}.Debug|x86.ActiveCfg = Debug|Any CPU
		{8E9ADC17-DE30-4999-8B88-71F5677E9E6F}.Debug|x86.Build.0 = Debug|Any CPU
		{8E9ADC17-DE30-4999-8B88-71F5677E9E6F}.Release|Any CPU.ActiveCfg = Release|Any CPU
		{8E9ADC17-DE30-4999-8B88-71F5677E9E6F}.Release|Any CPU.Build.0 = Release|Any CPU
		{8E9ADC17-DE30-4999-8B88-71F5677E9E6F}.Release|ARM.ActiveCfg = Release|Any CPU
		{8E9ADC17-DE30-4999-8B88-71F5677E9E6F}.Release|ARM.Build.0 = Release|Any CPU
		{8E9ADC17-DE30-4999-8B88-71F5677E9E6F}.Release|iPhone.ActiveCfg = Release|Any CPU
		{8E9ADC17-DE30-4999-8B88-71F5677E9E6F}.Release|iPhone.Build.0 = Release|Any CPU
		{8E9ADC17-DE30-4999-8B88-71F5677E9E6F}.Release|iPhoneSimulator.ActiveCfg = Release|Any CPU
		{8E9ADC17-DE30-4999-8B88-71F5677E9E6F}.Release|iPhoneSimulator.Build.0 = Release|Any CPU
		{8E9ADC17-DE30-4999-8B88-71F5677E9E6F}.Release|x64.ActiveCfg = Release|Any CPU
		{8E9ADC17-DE30-4999-8B88-71F5677E9E6F}.Release|x64.Build.0 = Release|Any CPU
		{8E9ADC17-DE30-4999-8B88-71F5677E9E6F}.Release|x86.ActiveCfg = Release|Any CPU
		{8E9ADC17-DE30-4999-8B88-71F5677E9E6F}.Release|x86.Build.0 = Release|Any CPU
	EndGlobalSection
	GlobalSection(SolutionProperties) = preSolution
		HideSolutionNode = FALSE
	EndGlobalSection
	GlobalSection(ExtensibilityGlobals) = postSolution
		SolutionGuid = {D29F2094-FC71-4A82-B0C7-01F10B869C39}
	EndGlobalSection
EndGlobal
